Microsoft Visual Studio Solution File, Format Version 12.00
# Visual Studio Version 17
VisualStudioVersion = 17.5.2.0
MinimumVisualStudioVersion = 10.0.40219.1
Project("{2150E333-8FDC-42A3-9474-1A3956D46DE8}") = "z3-sys", "z3-sys", "{80C1B8D4-2A41-7A91-4A03-988AB7CCB410}"
EndProject
Project("{2150E333-8FDC-42A3-9474-1A3956D46DE8}") = "z3", "z3", "{B007695C-AD9E-0B55-FABA-D7CCE4B478DE}"
EndProject
Project("{2150E333-8FDC-42A3-9474-1A3956D46DE8}") = "examples", "examples", "{27466073-82B5-17FA-E6EA-BA390DB0B804}"
EndProject
Project("{FAE04EC0-301F-11D3-BF4B-00C04F79EFBC}") = "dotnet", "z3-sys\z3\examples\dotnet\dotnet.csproj", "{26A3A349-073B-5194-01E5-18979672CC54}"
EndProject
Global
	GlobalSection(SolutionConfigurationPlatforms) = preSolution
		Debug|Any CPU = Debug|Any CPU
		Release|Any CPU = Release|Any CPU
	EndGlobalSection
	GlobalSection(ProjectConfigurationPlatforms) = postSolution
		{26A3A349-073B-5194-01E5-18979672CC54}.Debug|Any CPU.ActiveCfg = Debug|Any CPU
		{26A3A349-073B-5194-01E5-18979672CC54}.Debug|Any CPU.Build.0 = Debug|Any CPU
		{26A3A349-073B-5194-01E5-18979672CC54}.Release|Any CPU.ActiveCfg = Release|Any CPU
		{26A3A349-073B-5194-01E5-18979672CC54}.Release|Any CPU.Build.0 = Release|Any CPU
	EndGlobalSection
	GlobalSection(SolutionProperties) = preSolution
		HideSolutionNode = FALSE
	EndGlobalSection
	GlobalSection(NestedProjects) = preSolution
		{B007695C-AD9E-0B55-FABA-D7CCE4B478DE} = {80C1B8D4-2A41-7A91-4A03-988AB7CCB410}
		{27466073-82B5-17FA-E6EA-BA390DB0B804} = {B007695C-AD9E-0B55-FABA-D7CCE4B478DE}
		{26A3A349-073B-5194-01E5-18979672CC54} = {27466073-82B5-17FA-E6EA-BA390DB0B804}
	EndGlobalSection
	GlobalSection(ExtensibilityGlobals) = postSolution
		SolutionGuid = {FA3BFD5E-4B57-4A07-8E10-C1DB5F8C86D7}
	EndGlobalSection
EndGlobal
